
Microsoft Visual Studio Solution File, Format Version 12.00
# Visual Studio Version 17
VisualStudioVersion = 17.6.33815.320
MinimumVisualStudioVersion = 10.0.40219.1
Project("{9A19103F-16F7-4668-BE54-9A1E7A4F7556}") = "UC7", "UC7\UC7.csproj", "{BA60125A-CEC6-4A47-8520-B147CDBBDD65}"
EndProject
Project("{FAE04EC0-301F-11D3-BF4B-00C04F79EFBC}") = "UC7.UnitTests", "UC7.UnitTests\UC7.UnitTests.csproj", "{74FE460F-8FCE-4226-B3B3-DDD7AFAAA65E}"
	ProjectSection(ProjectDependencies) = postProject
		{BA60125A-CEC6-4A47-8520-B147CDBBDD65} = {BA60125A-CEC6-4A47-8520-B147CDBBDD65}
	EndProjectSection
EndProject
Global
	GlobalSection(SolutionConfigurationPlatforms) = preSolution
		Debug|Any CPU = Debug|Any CPU
		Release|Any CPU = Release|Any CPU
	EndGlobalSection
	GlobalSection(ProjectConfigurationPlatforms) = postSolution
		{BA60125A-CEC6-4A47-8520-B147CDBBDD65}.Debug|Any CPU.ActiveCfg = Debug|Any CPU
		{BA60125A-CEC6-4A47-8520-B147CDBBDD65}.Debug|Any CPU.Build.0 = Debug|Any CPU
		{BA60125A-CEC6-4A47-8520-B147CDBBDD65}.Release|Any CPU.ActiveCfg = Release|Any CPU
		{BA60125A-CEC6-4A47-8520-B147CDBBDD65}.Release|Any CPU.Build.0 = Release|Any CPU
		{74FE460F-8FCE-4226-B3B3-DDD7AFAAA65E}.Debug|Any CPU.ActiveCfg = Debug|Any CPU
		{74FE460F-8FCE-4226-B3B3-DDD7AFAAA65E}.Debug|Any CPU.Build.0 = Debug|Any CPU
		{74FE460F-8FCE-4226-B3B3-DDD7AFAAA65E}.Release|Any CPU.ActiveCfg = Release|Any CPU
		{74FE460F-8FCE-4226-B3B3-DDD7AFAAA65E}.Release|Any CPU.Build.0 = Release|Any CPU
	EndGlobalSection
	GlobalSection(SolutionProperties) = preSolution
		HideSolutionNode = FALSE
	EndGlobalSection
	GlobalSection(ExtensibilityGlobals) = postSolution
		SolutionGuid = {8D18D31F-01FD-404C-A7A7-129FCD342076}
	EndGlobalSection
EndGlobal
